{"filter":false,"title":"Gemfile.lock","tooltip":"/Gemfile.lock","undoManager":{"mark":4,"position":4,"stack":[[{"group":"doc","deltas":[{"start":{"row":88,"column":3},"end":{"row":89,"column":27},"action":"remove","lines":[" pg (0.15.1)","    pg (0.15.1-x86-mingw32)"]}]}],[{"group":"doc","deltas":[{"start":{"row":88,"column":2},"end":{"row":88,"column":3},"action":"remove","lines":[" "]}]}],[{"group":"doc","deltas":[{"start":{"row":88,"column":0},"end":{"row":88,"column":2},"action":"remove","lines":["  "]}]}],[{"group":"doc","deltas":[{"start":{"row":87,"column":28},"end":{"row":88,"column":0},"action":"remove","lines":["",""]}]}],[{"group":"doc","deltas":[{"start":{"row":104,"column":0},"end":{"row":109,"column":0},"action":"remove","lines":["    rails_12factor (0.0.2)","      rails_serve_static_assets","      rails_stdout_logging","    rails_serve_static_assets (0.0.2)","    rails_stdout_logging (0.0.3)",""]},{"start":{"row":191,"column":2},"end":{"row":193,"column":25},"action":"remove","lines":["pg (= 0.15.1)","  rails (= 4.1.5)","  rails_12factor (= 0.0.2"]},{"start":{"row":191,"column":2},"end":{"row":191,"column":16},"action":"insert","lines":["rails (= 4.1.5"]}]}]]},"ace":{"folds":[],"scrolltop":1097,"scrollleft":0,"selection":{"start":{"row":87,"column":28},"end":{"row":87,"column":28},"isBackwards":false},"options":{"guessTabSize":true,"useWrapMode":false,"wrapToView":true},"firstLineState":{"row":77,"state":"start","mode":"ace/mode/text"}},"timestamp":1425877219471,"hash":"6c087c6b8dec616be4ebf95e24147b8f4b7cd0b2"}