{"filter":false,"title":"Gemfile.lock","tooltip":"/Gemfile.lock","undoManager":{"mark":0,"position":-1,"stack":[]},"ace":{"folds":[],"scrolltop":1097,"scrollleft":0,"selection":{"start":{"row":87,"column":28},"end":{"row":87,"column":28},"isBackwards":false},"options":{"guessTabSize":true,"useWrapMode":false,"wrapToView":true},"firstLineState":{"row":77,"mode":"ace/mode/text"}},"timestamp":1425976465000,"hash":"ad5d51e4eda4470cce4063fd5f110a7cf9be21d9"}